
Microsoft Visual Studio Solution File, Format Version 12.00
# Visual Studio 15
VisualStudioVersion = 15.0.27703.2042
MinimumVisualStudioVersion = 10.0.40219.1
Project("{8BC9CEB8-8B4A-11D0-8D11-00A0C91BC942}") = "TaskDistributedLab", "TaskDistributedLab\TaskDistributedLab.vcxproj", "{E70228F2-4930-416B-8C5D-2399A2469C13}"
EndProject
Global
	GlobalSection(SolutionConfigurationPlatforms) = preSolution
		Debug|x64 = Debug|x64
		Debug|x86 = Debug|x86
		Release|x64 = Release|x64
		Release|x86 = Release|x86
	EndGlobalSection
	GlobalSection(ProjectConfigurationPlatforms) = postSolution
		{E70228F2-4930-416B-8C5D-2399A2469C13}.Debug|x64.ActiveCfg = Debug|x64
		{E70228F2-4930-416B-8C5D-2399A2469C13}.Debug|x64.Build.0 = Debug|x64
		{E70228F2-4930-416B-8C5D-2399A2469C13}.Debug|x86.ActiveCfg = Debug|Win32
		{E70228F2-4930-416B-8C5D-2399A2469C13}.Debug|x86.Build.0 = Debug|Win32
		{E70228F2-4930-416B-8C5D-2399A2469C13}.Release|x64.ActiveCfg = Release|x64
		{E70228F2-4930-416B-8C5D-2399A2469C13}.Release|x64.Build.0 = Release|x64
		{E70228F2-4930-416B-8C5D-2399A2469C13}.Release|x86.ActiveCfg = Release|Win32
		{E70228F2-4930-416B-8C5D-2399A2469C13}.Release|x86.Build.0 = Release|Win32
	EndGlobalSection
	GlobalSection(SolutionProperties) = preSolution
		HideSolutionNode = FALSE
	EndGlobalSection
	GlobalSection(ExtensibilityGlobals) = postSolution
		SolutionGuid = {4F128CC2-0C47-4C31-98F2-1DC56B20BF43}
	EndGlobalSection
EndGlobal
